
Microsoft Visual Studio Solution File, Format Version 12.00
# Visual Studio Version 17
VisualStudioVersion = 17.3.32819.101
MinimumVisualStudioVersion = 10.0.40219.1
Project("{FAE04EC0-301F-11D3-BF4B-00C04F79EFBC}") = "exercise9", "exercise9\exercise9.csproj", "{38D8A641-26DC-4FBF-B6D7-A68C165E1FEA}"
EndProject
Global
	GlobalSection(SolutionConfigurationPlatforms) = preSolution
		Debug|Any CPU = Debug|Any CPU
		Release|Any CPU = Release|Any CPU
	EndGlobalSection
	GlobalSection(ProjectConfigurationPlatforms) = postSolution
		{38D8A641-26DC-4FBF-B6D7-A68C165E1FEA}.Debug|Any CPU.ActiveCfg = Debug|Any CPU
		{38D8A641-26DC-4FBF-B6D7-A68C165E1FEA}.Debug|Any CPU.Build.0 = Debug|Any CPU
		{38D8A641-26DC-4FBF-B6D7-A68C165E1FEA}.Release|Any CPU.ActiveCfg = Release|Any CPU
		{38D8A641-26DC-4FBF-B6D7-A68C165E1FEA}.Release|Any CPU.Build.0 = Release|Any CPU
	EndGlobalSection
	GlobalSection(SolutionProperties) = preSolution
		HideSolutionNode = FALSE
	EndGlobalSection
	GlobalSection(ExtensibilityGlobals) = postSolution
		SolutionGuid = {223C702C-5131-4193-9F02-A545C02C8F43}
	EndGlobalSection
EndGlobal
