
Microsoft Visual Studio Solution File, Format Version 12.00
# Visual Studio Version 17
VisualStudioVersion = 17.3.32819.101
MinimumVisualStudioVersion = 10.0.40219.1
Project("{FAE04EC0-301F-11D3-BF4B-00C04F79EFBC}") = "r", "r\r.csproj", "{015DC14D-31EA-4B96-B444-921DC7865034}"
EndProject
Global
	GlobalSection(SolutionConfigurationPlatforms) = preSolution
		Debug|Any CPU = Debug|Any CPU
		Release|Any CPU = Release|Any CPU
	EndGlobalSection
	GlobalSection(ProjectConfigurationPlatforms) = postSolution
		{015DC14D-31EA-4B96-B444-921DC7865034}.Debug|Any CPU.ActiveCfg = Debug|Any CPU
		{015DC14D-31EA-4B96-B444-921DC7865034}.Debug|Any CPU.Build.0 = Debug|Any CPU
		{015DC14D-31EA-4B96-B444-921DC7865034}.Release|Any CPU.ActiveCfg = Release|Any CPU
		{015DC14D-31EA-4B96-B444-921DC7865034}.Release|Any CPU.Build.0 = Release|Any CPU
	EndGlobalSection
	GlobalSection(SolutionProperties) = preSolution
		HideSolutionNode = FALSE
	EndGlobalSection
	GlobalSection(ExtensibilityGlobals) = postSolution
		SolutionGuid = {22B28120-3560-470C-8A6C-1B063D91ACC7}
	EndGlobalSection
EndGlobal
